
Microsoft Visual Studio Solution File, Format Version 12.00
# Visual Studio Version 17
VisualStudioVersion = 17.4.33110.190
MinimumVisualStudioVersion = 10.0.40219.1
Project("{FAE04EC0-301F-11D3-BF4B-00C04F79EFBC}") = "QuartzDemo", "QuartzDemo.csproj", "{78AE1B3F-9B08-4221-93BB-217C14DAB8A8}"
EndProject
Global
	GlobalSection(SolutionConfigurationPlatforms) = preSolution
		Debug|Any CPU = Debug|Any CPU
		Release|Any CPU = Release|Any CPU
	EndGlobalSection
	GlobalSection(ProjectConfigurationPlatforms) = postSolution
		{78AE1B3F-9B08-4221-93BB-217C14DAB8A8}.Debug|Any CPU.ActiveCfg = Debug|Any CPU
		{78AE1B3F-9B08-4221-93BB-217C14DAB8A8}.Debug|Any CPU.Build.0 = Debug|Any CPU
		{78AE1B3F-9B08-4221-93BB-217C14DAB8A8}.Release|Any CPU.ActiveCfg = Release|Any CPU
		{78AE1B3F-9B08-4221-93BB-217C14DAB8A8}.Release|Any CPU.Build.0 = Release|Any CPU
	EndGlobalSection
	GlobalSection(SolutionProperties) = preSolution
		HideSolutionNode = FALSE
	EndGlobalSection
	GlobalSection(ExtensibilityGlobals) = postSolution
		SolutionGuid = {7B9AAE23-3727-45AE-9868-1493BF924440}
	EndGlobalSection
EndGlobal
